
Microsoft Visual Studio Solution File, Format Version 12.00
# Visual Studio Version 17
VisualStudioVersion = 17.2.32519.379
MinimumVisualStudioVersion = 10.0.40219.1
Project("{9A19103F-16F7-4668-BE54-9A1E7A4F7556}") = "event-notification-dotnet-sdk", "eBay-Notification-SDK-Dot-Net-Core-main\event-notification-dotnet-sdk.csproj", "{FB36CF07-542B-4FB9-AFAB-4870BD0845E3}"
EndProject
Global
	GlobalSection(SolutionConfigurationPlatforms) = preSolution
		Debug|Any CPU = Debug|Any CPU
		Release|Any CPU = Release|Any CPU
	EndGlobalSection
	GlobalSection(ProjectConfigurationPlatforms) = postSolution
		{FB36CF07-542B-4FB9-AFAB-4870BD0845E3}.Debug|Any CPU.ActiveCfg = Debug|Any CPU
		{FB36CF07-542B-4FB9-AFAB-4870BD0845E3}.Debug|Any CPU.Build.0 = Debug|Any CPU
		{FB36CF07-542B-4FB9-AFAB-4870BD0845E3}.Release|Any CPU.ActiveCfg = Release|Any CPU
		{FB36CF07-542B-4FB9-AFAB-4870BD0845E3}.Release|Any CPU.Build.0 = Release|Any CPU
	EndGlobalSection
	GlobalSection(SolutionProperties) = preSolution
		HideSolutionNode = FALSE
	EndGlobalSection
	GlobalSection(ExtensibilityGlobals) = postSolution
		SolutionGuid = {6001E2FA-E043-421B-9E5F-FA4772DC05E8}
	EndGlobalSection
EndGlobal
